// !$*UTF8*$!
{
	archiveVersion = 1;
	classes = {
	};
	objectVersion = 54;
	objects = {

/* Begin PBXAggregateTarget section */
		376DAEC325B64550006FEC77 /* Example */ = {
			isa = PBXAggregateTarget;
			buildConfigurationList = 376DAEC425B64550006FEC77 /* Build configuration list for PBXAggregateTarget "Example" */;
			buildPhases = (
				376DAEC825B64555006FEC77 /* ShellScript */,
			);
			dependencies = (
			);
			name = Example;
			productName = Example;
		};
/* End PBXAggregateTarget section */

/* Begin PBXGroup section */
		376DAEBC25B64532006FEC77 = {
			isa = PBXGroup;
			children = (
			);
			sourceTree = "<group>";
		};
/* End PBXGroup section */

/* Begin PBXProject section */
		376DAEBD25B64532006FEC77 /* Project object */ = {
			isa = PBXProject;
			attributes = {
				LastUpgradeCheck = 1230;
				TargetAttributes = {
					376DAEC325B64550006FEC77 = {
						CreatedOnToolsVersion = 12.3;
					};
				};
			};
			buildConfigurationList = 376DAEC025B64532006FEC77 /* Build configuration list for PBXProject "GitHubActionsNodeFailExample" */;
			compatibilityVersion = "Xcode 9.3";
			developmentRegion = en;
			hasScannedForEncodings = 0;
			knownRegions = (
				en,
				Base,
			);
			mainGroup = 376DAEBC25B64532006FEC77;
			projectDirPath = "";
			projectRoot = "";
			targets = (
				376DAEC325B64550006FEC77 /* Example */,
			);
		};
/* End PBXProject section */

/* Begin PBXShellScriptBuildPhase section */
		376DAEC825B64555006FEC77 /* ShellScript */ = {
			isa = PBXShellScriptBuildPhase;
			alwaysOutOfDate = 1;
			buildActionMask = 2147483647;
			files = (
			);
			inputFileListPaths = (
			);
			inputPaths = (
			);
			outputFileListPaths = (
			);
			outputPaths = (
			);
			runOnlyForDeploymentPostprocessing = 0;
			shellPath = /bin/sh;
			shellScript = "node --version\n";
		};
/* End PBXShellScriptBuildPhase section */

/* Begin XCBuildConfiguration section */
		376DAEC125B64532006FEC77 /* Debug */ = {
			isa = XCBuildConfiguration;
			buildSettings = {
			};
			name = Debug;
		};
		376DAEC225B64532006FEC77 /* Release */ = {
			isa = XCBuildConfiguration;
			buildSettings = {
			};
			name = Release;
		};
		376DAEC525B64550006FEC77 /* Debug */ = {
			isa = XCBuildConfiguration;
			buildSettings = {
				CODE_SIGN_STYLE = Automatic;
				DEVELOPMENT_TEAM = H94RX56UDD;
				PRODUCT_NAME = "$(TARGET_NAME)";
			};
			name = Debug;
		};
		376DAEC625B64550006FEC77 /* Release */ = {
			isa = XCBuildConfiguration;
			buildSettings = {
				CODE_SIGN_STYLE = Automatic;
				DEVELOPMENT_TEAM = H94RX56UDD;
				PRODUCT_NAME = "$(TARGET_NAME)";
			};
			name = Release;
		};
/* End XCBuildConfiguration section */

/* Begin XCConfigurationList section */
		376DAEC025B64532006FEC77 /* Build configuration list for PBXProject "GitHubActionsNodeFailExample" */ = {
			isa = XCConfigurationList;
			buildConfigurations = (
				376DAEC125B64532006FEC77 /* Debug */,
				376DAEC225B64532006FEC77 /* Release */,
			);
			defaultConfigurationIsVisible = 0;
			defaultConfigurationName = Release;
		};
		376DAEC425B64550006FEC77 /* Build configuration list for PBXAggregateTarget "Example" */ = {
			isa = XCConfigurationList;
			buildConfigurations = (
				376DAEC525B64550006FEC77 /* Debug */,
				376DAEC625B64550006FEC77 /* Release */,
			);
			defaultConfigurationIsVisible = 0;
			defaultConfigurationName = Release;
		};
/* End XCConfigurationList section */
	};
	rootObject = 376DAEBD25B64532006FEC77 /* Project object */;
}
