// !$*UTF8*$!
{
	archiveVersion = 1;
	classes = {
	};
	objectVersion = 50;
	objects = {

/* Begin PBXGroup section */
		376DAEBC25B64532006FEC77 = {
			isa = PBXGroup;
			children = (
			);
			sourceTree = "<group>";
		};
/* End PBXGroup section */

/* Begin PBXProject section */
		376DAEBD25B64532006FEC77 /* Project object */ = {
			isa = PBXProject;
			attributes = {
				LastUpgradeCheck = 1230;
			};
			buildConfigurationList = 376DAEC025B64532006FEC77 /* Build configuration list for PBXProject "GitHubActionsNodeFailExample" */;
			compatibilityVersion = "Xcode 9.3";
			developmentRegion = en;
			hasScannedForEncodings = 0;
			knownRegions = (
				en,
				Base,
			);
			mainGroup = 376DAEBC25B64532006FEC77;
			projectDirPath = "";
			projectRoot = "";
			targets = (
			);
		};
/* End PBXProject section */

/* Begin XCBuildConfiguration section */
		376DAEC125B64532006FEC77 /* Debug */ = {
			isa = XCBuildConfiguration;
			buildSettings = {
			};
			name = Debug;
		};
		376DAEC225B64532006FEC77 /* Release */ = {
			isa = XCBuildConfiguration;
			buildSettings = {
			};
			name = Release;
		};
/* End XCBuildConfiguration section */

/* Begin XCConfigurationList section */
		376DAEC025B64532006FEC77 /* Build configuration list for PBXProject "GitHubActionsNodeFailExample" */ = {
			isa = XCConfigurationList;
			buildConfigurations = (
				376DAEC125B64532006FEC77 /* Debug */,
				376DAEC225B64532006FEC77 /* Release */,
			);
			defaultConfigurationIsVisible = 0;
			defaultConfigurationName = Release;
		};
/* End XCConfigurationList section */
	};
	rootObject = 376DAEBD25B64532006FEC77 /* Project object */;
}
